
Microsoft Visual Studio Solution File, Format Version 12.00
# Visual Studio Version 17
VisualStudioVersion = 17.4.33205.214
MinimumVisualStudioVersion = 10.0.40219.1
Project("{888888A0-9F3D-457C-B088-3A5042F75D52}") = "python_study", "python_study.pyproj", "{CFEB3EE4-995C-46DE-87E5-419004BAE9FA}"
EndProject
Global
	GlobalSection(SolutionConfigurationPlatforms) = preSolution
		Debug|Any CPU = Debug|Any CPU
		Release|Any CPU = Release|Any CPU
	EndGlobalSection
	GlobalSection(ProjectConfigurationPlatforms) = postSolution
		{CFEB3EE4-995C-46DE-87E5-419004BAE9FA}.Debug|Any CPU.ActiveCfg = Debug|Any CPU
		{CFEB3EE4-995C-46DE-87E5-419004BAE9FA}.Release|Any CPU.ActiveCfg = Release|Any CPU
	EndGlobalSection
	GlobalSection(SolutionProperties) = preSolution
		HideSolutionNode = FALSE
	EndGlobalSection
	GlobalSection(ExtensibilityGlobals) = postSolution
		SolutionGuid = {BAC0B5BB-E60F-42AC-932D-2AA5C79D7661}
	EndGlobalSection
EndGlobal
